
Microsoft Visual Studio Solution File, Format Version 12.00
Project("{FAE04EC0-301F-11D3-BF4B-00C04F79EFBC}") = "FilterParserLib", "FilterParserLib\FilterParserLib.csproj", "{062A2C0D-E3B2-4861-B46D-7AFD9EAE4BAD}"
EndProject
Project("{FAE04EC0-301F-11D3-BF4B-00C04F79EFBC}") = "FilterParser.Tests", "FilterParser.Tests\FilterParser.Tests.csproj", "{AC3AABD0-475B-407D-9A95-AE73B66D6B74}"
EndProject
Global
	GlobalSection(SolutionConfigurationPlatforms) = preSolution
		Debug|Any CPU = Debug|Any CPU
		Release|Any CPU = Release|Any CPU
	EndGlobalSection
	GlobalSection(ProjectConfigurationPlatforms) = postSolution
		{062A2C0D-E3B2-4861-B46D-7AFD9EAE4BAD}.Debug|Any CPU.ActiveCfg = Debug|Any CPU
		{062A2C0D-E3B2-4861-B46D-7AFD9EAE4BAD}.Debug|Any CPU.Build.0 = Debug|Any CPU
		{062A2C0D-E3B2-4861-B46D-7AFD9EAE4BAD}.Release|Any CPU.ActiveCfg = Release|Any CPU
		{062A2C0D-E3B2-4861-B46D-7AFD9EAE4BAD}.Release|Any CPU.Build.0 = Release|Any CPU
		{AC3AABD0-475B-407D-9A95-AE73B66D6B74}.Debug|Any CPU.ActiveCfg = Debug|Any CPU
		{AC3AABD0-475B-407D-9A95-AE73B66D6B74}.Debug|Any CPU.Build.0 = Debug|Any CPU
		{AC3AABD0-475B-407D-9A95-AE73B66D6B74}.Release|Any CPU.ActiveCfg = Release|Any CPU
		{AC3AABD0-475B-407D-9A95-AE73B66D6B74}.Release|Any CPU.Build.0 = Release|Any CPU
	EndGlobalSection
EndGlobal
